
Microsoft Visual Studio Solution File, Format Version 12.00
# Visual Studio Version 17
VisualStudioVersion = 17.12.35707.178
MinimumVisualStudioVersion = 10.0.40219.1
Project("{2150E333-8FDC-42A3-9474-1A3956D46DE8}") = "Lesson_02", "Lesson_02", "{FEF07DBD-B0A5-4CCE-AA61-90746F3DFDF4}"
EndProject
Project("{FAE04EC0-301F-11D3-BF4B-00C04F79EFBC}") = "Task_02_04", "Task_02_04\Task_02_04.csproj", "{D6FDF7DD-2DF4-4EF5-AA56-FC89307485BC}"
EndProject
Project("{2150E333-8FDC-42A3-9474-1A3956D46DE8}") = "Lesson_03", "Lesson_03", "{06DA0814-6E53-406F-B417-2D43574C0806}"
EndProject
Project("{FAE04EC0-301F-11D3-BF4B-00C04F79EFBC}") = "Task_03_04", "Task_03_04\Task_03_04.csproj", "{6BC14EDE-5C27-41C3-943E-CD27FB4E2542}"
EndProject
Project("{FAE04EC0-301F-11D3-BF4B-00C04F79EFBC}") = "Task_02_02", "Task_02_02\Task_02_02.csproj", "{A237CAAC-142A-4CDA-B3C4-9DBACA14A0CE}"
EndProject
Project("{FAE04EC0-301F-11D3-BF4B-00C04F79EFBC}") = "Task_03_05", "Task_03_05\Task_03_05.csproj", "{6D5098D4-303D-441F-9B25-5BD5D1FEBF39}"
EndProject
Project("{FAE04EC0-301F-11D3-BF4B-00C04F79EFBC}") = "Task_03_06", "Task_03_06\Task_03_06.csproj", "{599D7F87-0CB5-480A-A02F-11849808B7EF}"
EndProject
Project("{FAE04EC0-301F-11D3-BF4B-00C04F79EFBC}") = "Task_03_07", "Task_03_07\Task_03_07.csproj", "{4E304461-2F0C-44BD-B504-5E216B71504D}"
EndProject
Project("{FAE04EC0-301F-11D3-BF4B-00C04F79EFBC}") = "Task_03_08", "Task_03_08\Task_03_08.csproj", "{CFB1EFF5-27FD-4256-9749-C1BCFD60072B}"
EndProject
Project("{FAE04EC0-301F-11D3-BF4B-00C04F79EFBC}") = "Task_03_09", "Task_03_09\Task_03_09.csproj", "{98E9940D-7392-44E7-9D28-3D8E6B239E9B}"
EndProject
Project("{2150E333-8FDC-42A3-9474-1A3956D46DE8}") = "Lesson_04", "Lesson_04", "{E7430CE8-0CEC-4339-825B-687A6E06D7DA}"
EndProject
Project("{FAE04EC0-301F-11D3-BF4B-00C04F79EFBC}") = "Task_04_05", "Task_04_05\Task_04_05.csproj", "{77A7B532-2E82-460E-834B-BD1372EB5AC7}"
EndProject
Project("{FAE04EC0-301F-11D3-BF4B-00C04F79EFBC}") = "Task_04_06", "Task_04_06\Task_04_06.csproj", "{5D40F43D-2A06-4D42-B213-51314397BB4A}"
EndProject
Project("{FAE04EC0-301F-11D3-BF4B-00C04F79EFBC}") = "Task_04_07", "Task_04_07\Task_04_07.csproj", "{F9107C1C-06D3-469F-9D5C-0C1CBD02CE30}"
EndProject
Project("{FAE04EC0-301F-11D3-BF4B-00C04F79EFBC}") = "Task_04_08", "Task_04_08\Task_04_08.csproj", "{34B522D1-830D-4851-8119-30989337E30A}"
EndProject
Project("{FAE04EC0-301F-11D3-BF4B-00C04F79EFBC}") = "Task_04_09", "Task_04_09\Task_04_09.csproj", "{604CA53C-6F0E-41F8-8433-1B06C7A60F90}"
EndProject
Project("{FAE04EC0-301F-11D3-BF4B-00C04F79EFBC}") = "Task_04_10", "Task_04_10\Task_04_10.csproj", "{EC82D994-7BBB-4401-B935-EF1B27FB78A3}"
EndProject
Project("{2150E333-8FDC-42A3-9474-1A3956D46DE8}") = "Lesson_05", "Lesson_05", "{114CF5AA-6864-425C-8748-A368EA02226E}"
EndProject
Project("{FAE04EC0-301F-11D3-BF4B-00C04F79EFBC}") = "Task_05_03", "Task_05_03\Task_05_03.csproj", "{567C12E8-F47C-401A-B249-FDFCC9FDCE71}"
EndProject
Project("{FAE04EC0-301F-11D3-BF4B-00C04F79EFBC}") = "Task_05_04", "Task_05_04\Task_05_04.csproj", "{E57F4719-26CD-4C6E-8367-40B32ACD6C1B}"
EndProject
Project("{FAE04EC0-301F-11D3-BF4B-00C04F79EFBC}") = "Task_05_05", "Task_05_05\Task_05_05.csproj", "{5E726874-4436-4496-9D22-880F1C6B3BE3}"
EndProject
Project("{FAE04EC0-301F-11D3-BF4B-00C04F79EFBC}") = "Task_05_06", "Task_05_06\Task_05_06.csproj", "{5A368357-3033-4187-BB71-07812C5EB010}"
EndProject
Project("{FAE04EC0-301F-11D3-BF4B-00C04F79EFBC}") = "Task_05_07", "Task_05_07\Task_05_07.csproj", "{E82A0D4D-20F4-4E72-A5AA-B351BFE65E05}"
EndProject
Project("{FAE04EC0-301F-11D3-BF4B-00C04F79EFBC}") = "Task_05_08", "Task_05_08\Task_05_08.csproj", "{03D96892-11AB-4B51-B6F4-ED0D28B4D3D2}"
EndProject
Project("{FAE04EC0-301F-11D3-BF4B-00C04F79EFBC}") = "Task_05_09", "Task_05_09\Task_05_09.csproj", "{52D909C4-9D69-4341-AB15-2C14BB346771}"
EndProject
Project("{2150E333-8FDC-42A3-9474-1A3956D46DE8}") = "Lesson_10", "Lesson_10", "{36D591C7-65C7-A0D1-1CBC-10CDE441BDC8}"
EndProject
Project("{FAE04EC0-301F-11D3-BF4B-00C04F79EFBC}") = "Task_10_06", "Task_10_06\Task_10_06.csproj", "{5FD7A5B9-4E9B-4A35-83D7-42DB64BAF58F}"
EndProject
Project("{FAE04EC0-301F-11D3-BF4B-00C04F79EFBC}") = "Task_10_07", "Task_10_07\Task_10_07.csproj", "{7FFC3B97-9E11-4738-8E49-8D8CCEFB95F8}"
EndProject
Project("{FAE04EC0-301F-11D3-BF4B-00C04F79EFBC}") = "Task_10_08", "Task_10_08\Task_10_08.csproj", "{ED69AD01-D313-4799-990E-5E21B42D2F0A}"
EndProject
Project("{2150E333-8FDC-42A3-9474-1A3956D46DE8}") = "Lesson_12", "Lesson_12", "{6FE9BC5A-79DE-4213-902B-5D3876BC9454}"
EndProject
Project("{FAE04EC0-301F-11D3-BF4B-00C04F79EFBC}") = "Task_12_02", "Task_12_02\Task_12_02.csproj", "{BEBDCD22-95E0-4432-A9BB-03A15EABCB85}"
EndProject
Project("{FAE04EC0-301F-11D3-BF4B-00C04F79EFBC}") = "Task_12_01", "Task_12_01\Task_12_01.csproj", "{B81A2644-96A9-4621-B5A3-A29970C1AFB8}"
EndProject
Project("{2150E333-8FDC-42A3-9474-1A3956D46DE8}") = "Lesson_13", "Lesson_13", "{218887F2-33C0-4992-A917-781A4E0BC3A8}"
EndProject
Project("{FAE04EC0-301F-11D3-BF4B-00C04F79EFBC}") = "Task_13_02", "Task_13_02\Task_13_02.csproj", "{8B1245B3-42E4-4FE5-A397-F4E4771F9640}"
EndProject
Project("{FAE04EC0-301F-11D3-BF4B-00C04F79EFBC}") = "Task_13_03", "Task_13_03\Task_13_03.csproj", "{081DB761-9E98-4B8A-AEB5-26FFBD738714}"
EndProject
Project("{2150E333-8FDC-42A3-9474-1A3956D46DE8}") = "Lesson_14", "Lesson_14", "{A3234CE9-02B3-4860-9AC7-86E993EB3C76}"
EndProject
Project("{FAE04EC0-301F-11D3-BF4B-00C04F79EFBC}") = "Task_14_03", "Task_14_03\Task_14_03.csproj", "{1DAE265A-D3AF-47F7-8D2F-E8B7743BFC09}"
EndProject
Global
	GlobalSection(SolutionConfigurationPlatforms) = preSolution
		Debug|Any CPU = Debug|Any CPU
		Release|Any CPU = Release|Any CPU
	EndGlobalSection
	GlobalSection(ProjectConfigurationPlatforms) = postSolution
		{D6FDF7DD-2DF4-4EF5-AA56-FC89307485BC}.Debug|Any CPU.ActiveCfg = Debug|Any CPU
		{D6FDF7DD-2DF4-4EF5-AA56-FC89307485BC}.Debug|Any CPU.Build.0 = Debug|Any CPU
		{D6FDF7DD-2DF4-4EF5-AA56-FC89307485BC}.Release|Any CPU.ActiveCfg = Release|Any CPU
		{D6FDF7DD-2DF4-4EF5-AA56-FC89307485BC}.Release|Any CPU.Build.0 = Release|Any CPU
		{6BC14EDE-5C27-41C3-943E-CD27FB4E2542}.Debug|Any CPU.ActiveCfg = Debug|Any CPU
		{6BC14EDE-5C27-41C3-943E-CD27FB4E2542}.Debug|Any CPU.Build.0 = Debug|Any CPU
		{6BC14EDE-5C27-41C3-943E-CD27FB4E2542}.Release|Any CPU.ActiveCfg = Release|Any CPU
		{6BC14EDE-5C27-41C3-943E-CD27FB4E2542}.Release|Any CPU.Build.0 = Release|Any CPU
		{A237CAAC-142A-4CDA-B3C4-9DBACA14A0CE}.Debug|Any CPU.ActiveCfg = Debug|Any CPU
		{A237CAAC-142A-4CDA-B3C4-9DBACA14A0CE}.Debug|Any CPU.Build.0 = Debug|Any CPU
		{A237CAAC-142A-4CDA-B3C4-9DBACA14A0CE}.Release|Any CPU.ActiveCfg = Release|Any CPU
		{A237CAAC-142A-4CDA-B3C4-9DBACA14A0CE}.Release|Any CPU.Build.0 = Release|Any CPU
		{6D5098D4-303D-441F-9B25-5BD5D1FEBF39}.Debug|Any CPU.ActiveCfg = Debug|Any CPU
		{6D5098D4-303D-441F-9B25-5BD5D1FEBF39}.Debug|Any CPU.Build.0 = Debug|Any CPU
		{6D5098D4-303D-441F-9B25-5BD5D1FEBF39}.Release|Any CPU.ActiveCfg = Release|Any CPU
		{6D5098D4-303D-441F-9B25-5BD5D1FEBF39}.Release|Any CPU.Build.0 = Release|Any CPU
		{599D7F87-0CB5-480A-A02F-11849808B7EF}.Debug|Any CPU.ActiveCfg = Debug|Any CPU
		{599D7F87-0CB5-480A-A02F-11849808B7EF}.Debug|Any CPU.Build.0 = Debug|Any CPU
		{599D7F87-0CB5-480A-A02F-11849808B7EF}.Release|Any CPU.ActiveCfg = Release|Any CPU
		{599D7F87-0CB5-480A-A02F-11849808B7EF}.Release|Any CPU.Build.0 = Release|Any CPU
		{4E304461-2F0C-44BD-B504-5E216B71504D}.Debug|Any CPU.ActiveCfg = Debug|Any CPU
		{4E304461-2F0C-44BD-B504-5E216B71504D}.Debug|Any CPU.Build.0 = Debug|Any CPU
		{4E304461-2F0C-44BD-B504-5E216B71504D}.Release|Any CPU.ActiveCfg = Release|Any CPU
		{4E304461-2F0C-44BD-B504-5E216B71504D}.Release|Any CPU.Build.0 = Release|Any CPU
		{CFB1EFF5-27FD-4256-9749-C1BCFD60072B}.Debug|Any CPU.ActiveCfg = Debug|Any CPU
		{CFB1EFF5-27FD-4256-9749-C1BCFD60072B}.Debug|Any CPU.Build.0 = Debug|Any CPU
		{CFB1EFF5-27FD-4256-9749-C1BCFD60072B}.Release|Any CPU.ActiveCfg = Release|Any CPU
		{CFB1EFF5-27FD-4256-9749-C1BCFD60072B}.Release|Any CPU.Build.0 = Release|Any CPU
		{98E9940D-7392-44E7-9D28-3D8E6B239E9B}.Debug|Any CPU.ActiveCfg = Debug|Any CPU
		{98E9940D-7392-44E7-9D28-3D8E6B239E9B}.Debug|Any CPU.Build.0 = Debug|Any CPU
		{98E9940D-7392-44E7-9D28-3D8E6B239E9B}.Release|Any CPU.ActiveCfg = Release|Any CPU
		{98E9940D-7392-44E7-9D28-3D8E6B239E9B}.Release|Any CPU.Build.0 = Release|Any CPU
		{77A7B532-2E82-460E-834B-BD1372EB5AC7}.Debug|Any CPU.ActiveCfg = Debug|Any CPU
		{77A7B532-2E82-460E-834B-BD1372EB5AC7}.Debug|Any CPU.Build.0 = Debug|Any CPU
		{77A7B532-2E82-460E-834B-BD1372EB5AC7}.Release|Any CPU.ActiveCfg = Release|Any CPU
		{77A7B532-2E82-460E-834B-BD1372EB5AC7}.Release|Any CPU.Build.0 = Release|Any CPU
		{5D40F43D-2A06-4D42-B213-51314397BB4A}.Debug|Any CPU.ActiveCfg = Debug|Any CPU
		{5D40F43D-2A06-4D42-B213-51314397BB4A}.Debug|Any CPU.Build.0 = Debug|Any CPU
		{5D40F43D-2A06-4D42-B213-51314397BB4A}.Release|Any CPU.ActiveCfg = Release|Any CPU
		{5D40F43D-2A06-4D42-B213-51314397BB4A}.Release|Any CPU.Build.0 = Release|Any CPU
		{F9107C1C-06D3-469F-9D5C-0C1CBD02CE30}.Debug|Any CPU.ActiveCfg = Debug|Any CPU
		{F9107C1C-06D3-469F-9D5C-0C1CBD02CE30}.Debug|Any CPU.Build.0 = Debug|Any CPU
		{F9107C1C-06D3-469F-9D5C-0C1CBD02CE30}.Release|Any CPU.ActiveCfg = Release|Any CPU
		{F9107C1C-06D3-469F-9D5C-0C1CBD02CE30}.Release|Any CPU.Build.0 = Release|Any CPU
		{34B522D1-830D-4851-8119-30989337E30A}.Debug|Any CPU.ActiveCfg = Debug|Any CPU
		{34B522D1-830D-4851-8119-30989337E30A}.Debug|Any CPU.Build.0 = Debug|Any CPU
		{34B522D1-830D-4851-8119-30989337E30A}.Release|Any CPU.ActiveCfg = Release|Any CPU
		{34B522D1-830D-4851-8119-30989337E30A}.Release|Any CPU.Build.0 = Release|Any CPU
		{604CA53C-6F0E-41F8-8433-1B06C7A60F90}.Debug|Any CPU.ActiveCfg = Debug|Any CPU
		{604CA53C-6F0E-41F8-8433-1B06C7A60F90}.Debug|Any CPU.Build.0 = Debug|Any CPU
		{604CA53C-6F0E-41F8-8433-1B06C7A60F90}.Release|Any CPU.ActiveCfg = Release|Any CPU
		{604CA53C-6F0E-41F8-8433-1B06C7A60F90}.Release|Any CPU.Build.0 = Release|Any CPU
		{EC82D994-7BBB-4401-B935-EF1B27FB78A3}.Debug|Any CPU.ActiveCfg = Debug|Any CPU
		{EC82D994-7BBB-4401-B935-EF1B27FB78A3}.Debug|Any CPU.Build.0 = Debug|Any CPU
		{EC82D994-7BBB-4401-B935-EF1B27FB78A3}.Release|Any CPU.ActiveCfg = Release|Any CPU
		{EC82D994-7BBB-4401-B935-EF1B27FB78A3}.Release|Any CPU.Build.0 = Release|Any CPU
		{567C12E8-F47C-401A-B249-FDFCC9FDCE71}.Debug|Any CPU.ActiveCfg = Debug|Any CPU
		{567C12E8-F47C-401A-B249-FDFCC9FDCE71}.Debug|Any CPU.Build.0 = Debug|Any CPU
		{567C12E8-F47C-401A-B249-FDFCC9FDCE71}.Release|Any CPU.ActiveCfg = Release|Any CPU
		{567C12E8-F47C-401A-B249-FDFCC9FDCE71}.Release|Any CPU.Build.0 = Release|Any CPU
		{E57F4719-26CD-4C6E-8367-40B32ACD6C1B}.Debug|Any CPU.ActiveCfg = Debug|Any CPU
		{E57F4719-26CD-4C6E-8367-40B32ACD6C1B}.Debug|Any CPU.Build.0 = Debug|Any CPU
		{E57F4719-26CD-4C6E-8367-40B32ACD6C1B}.Release|Any CPU.ActiveCfg = Release|Any CPU
		{E57F4719-26CD-4C6E-8367-40B32ACD6C1B}.Release|Any CPU.Build.0 = Release|Any CPU
		{5E726874-4436-4496-9D22-880F1C6B3BE3}.Debug|Any CPU.ActiveCfg = Debug|Any CPU
		{5E726874-4436-4496-9D22-880F1C6B3BE3}.Debug|Any CPU.Build.0 = Debug|Any CPU
		{5E726874-4436-4496-9D22-880F1C6B3BE3}.Release|Any CPU.ActiveCfg = Release|Any CPU
		{5E726874-4436-4496-9D22-880F1C6B3BE3}.Release|Any CPU.Build.0 = Release|Any CPU
		{5A368357-3033-4187-BB71-07812C5EB010}.Debug|Any CPU.ActiveCfg = Debug|Any CPU
		{5A368357-3033-4187-BB71-07812C5EB010}.Debug|Any CPU.Build.0 = Debug|Any CPU
		{5A368357-3033-4187-BB71-07812C5EB010}.Release|Any CPU.ActiveCfg = Release|Any CPU
		{5A368357-3033-4187-BB71-07812C5EB010}.Release|Any CPU.Build.0 = Release|Any CPU
		{E82A0D4D-20F4-4E72-A5AA-B351BFE65E05}.Debug|Any CPU.ActiveCfg = Debug|Any CPU
		{E82A0D4D-20F4-4E72-A5AA-B351BFE65E05}.Debug|Any CPU.Build.0 = Debug|Any CPU
		{E82A0D4D-20F4-4E72-A5AA-B351BFE65E05}.Release|Any CPU.ActiveCfg = Release|Any CPU
		{E82A0D4D-20F4-4E72-A5AA-B351BFE65E05}.Release|Any CPU.Build.0 = Release|Any CPU
		{03D96892-11AB-4B51-B6F4-ED0D28B4D3D2}.Debug|Any CPU.ActiveCfg = Debug|Any CPU
		{03D96892-11AB-4B51-B6F4-ED0D28B4D3D2}.Debug|Any CPU.Build.0 = Debug|Any CPU
		{03D96892-11AB-4B51-B6F4-ED0D28B4D3D2}.Release|Any CPU.ActiveCfg = Release|Any CPU
		{03D96892-11AB-4B51-B6F4-ED0D28B4D3D2}.Release|Any CPU.Build.0 = Release|Any CPU
		{52D909C4-9D69-4341-AB15-2C14BB346771}.Debug|Any CPU.ActiveCfg = Debug|Any CPU
		{52D909C4-9D69-4341-AB15-2C14BB346771}.Debug|Any CPU.Build.0 = Debug|Any CPU
		{52D909C4-9D69-4341-AB15-2C14BB346771}.Release|Any CPU.ActiveCfg = Release|Any CPU
		{52D909C4-9D69-4341-AB15-2C14BB346771}.Release|Any CPU.Build.0 = Release|Any CPU
		{5FD7A5B9-4E9B-4A35-83D7-42DB64BAF58F}.Debug|Any CPU.ActiveCfg = Debug|Any CPU
		{5FD7A5B9-4E9B-4A35-83D7-42DB64BAF58F}.Debug|Any CPU.Build.0 = Debug|Any CPU
		{5FD7A5B9-4E9B-4A35-83D7-42DB64BAF58F}.Release|Any CPU.ActiveCfg = Release|Any CPU
		{5FD7A5B9-4E9B-4A35-83D7-42DB64BAF58F}.Release|Any CPU.Build.0 = Release|Any CPU
		{7FFC3B97-9E11-4738-8E49-8D8CCEFB95F8}.Debug|Any CPU.ActiveCfg = Debug|Any CPU
		{7FFC3B97-9E11-4738-8E49-8D8CCEFB95F8}.Debug|Any CPU.Build.0 = Debug|Any CPU
		{7FFC3B97-9E11-4738-8E49-8D8CCEFB95F8}.Release|Any CPU.ActiveCfg = Release|Any CPU
		{7FFC3B97-9E11-4738-8E49-8D8CCEFB95F8}.Release|Any CPU.Build.0 = Release|Any CPU
		{ED69AD01-D313-4799-990E-5E21B42D2F0A}.Debug|Any CPU.ActiveCfg = Debug|Any CPU
		{ED69AD01-D313-4799-990E-5E21B42D2F0A}.Debug|Any CPU.Build.0 = Debug|Any CPU
		{ED69AD01-D313-4799-990E-5E21B42D2F0A}.Release|Any CPU.ActiveCfg = Release|Any CPU
		{ED69AD01-D313-4799-990E-5E21B42D2F0A}.Release|Any CPU.Build.0 = Release|Any CPU
		{BEBDCD22-95E0-4432-A9BB-03A15EABCB85}.Debug|Any CPU.ActiveCfg = Debug|Any CPU
		{BEBDCD22-95E0-4432-A9BB-03A15EABCB85}.Debug|Any CPU.Build.0 = Debug|Any CPU
		{BEBDCD22-95E0-4432-A9BB-03A15EABCB85}.Release|Any CPU.ActiveCfg = Release|Any CPU
		{BEBDCD22-95E0-4432-A9BB-03A15EABCB85}.Release|Any CPU.Build.0 = Release|Any CPU
		{B81A2644-96A9-4621-B5A3-A29970C1AFB8}.Debug|Any CPU.ActiveCfg = Debug|Any CPU
		{B81A2644-96A9-4621-B5A3-A29970C1AFB8}.Debug|Any CPU.Build.0 = Debug|Any CPU
		{B81A2644-96A9-4621-B5A3-A29970C1AFB8}.Release|Any CPU.ActiveCfg = Release|Any CPU
		{B81A2644-96A9-4621-B5A3-A29970C1AFB8}.Release|Any CPU.Build.0 = Release|Any CPU
		{8B1245B3-42E4-4FE5-A397-F4E4771F9640}.Debug|Any CPU.ActiveCfg = Debug|Any CPU
		{8B1245B3-42E4-4FE5-A397-F4E4771F9640}.Debug|Any CPU.Build.0 = Debug|Any CPU
		{8B1245B3-42E4-4FE5-A397-F4E4771F9640}.Release|Any CPU.ActiveCfg = Release|Any CPU
		{8B1245B3-42E4-4FE5-A397-F4E4771F9640}.Release|Any CPU.Build.0 = Release|Any CPU
		{081DB761-9E98-4B8A-AEB5-26FFBD738714}.Debug|Any CPU.ActiveCfg = Debug|Any CPU
		{081DB761-9E98-4B8A-AEB5-26FFBD738714}.Debug|Any CPU.Build.0 = Debug|Any CPU
		{081DB761-9E98-4B8A-AEB5-26FFBD738714}.Release|Any CPU.ActiveCfg = Release|Any CPU
		{081DB761-9E98-4B8A-AEB5-26FFBD738714}.Release|Any CPU.Build.0 = Release|Any CPU
		{1DAE265A-D3AF-47F7-8D2F-E8B7743BFC09}.Debug|Any CPU.ActiveCfg = Debug|Any CPU
		{1DAE265A-D3AF-47F7-8D2F-E8B7743BFC09}.Debug|Any CPU.Build.0 = Debug|Any CPU
		{1DAE265A-D3AF-47F7-8D2F-E8B7743BFC09}.Release|Any CPU.ActiveCfg = Release|Any CPU
		{1DAE265A-D3AF-47F7-8D2F-E8B7743BFC09}.Release|Any CPU.Build.0 = Release|Any CPU
	EndGlobalSection
	GlobalSection(SolutionProperties) = preSolution
		HideSolutionNode = FALSE
	EndGlobalSection
	GlobalSection(NestedProjects) = preSolution
		{D6FDF7DD-2DF4-4EF5-AA56-FC89307485BC} = {FEF07DBD-B0A5-4CCE-AA61-90746F3DFDF4}
		{6BC14EDE-5C27-41C3-943E-CD27FB4E2542} = {06DA0814-6E53-406F-B417-2D43574C0806}
		{A237CAAC-142A-4CDA-B3C4-9DBACA14A0CE} = {FEF07DBD-B0A5-4CCE-AA61-90746F3DFDF4}
		{6D5098D4-303D-441F-9B25-5BD5D1FEBF39} = {06DA0814-6E53-406F-B417-2D43574C0806}
		{599D7F87-0CB5-480A-A02F-11849808B7EF} = {06DA0814-6E53-406F-B417-2D43574C0806}
		{4E304461-2F0C-44BD-B504-5E216B71504D} = {06DA0814-6E53-406F-B417-2D43574C0806}
		{CFB1EFF5-27FD-4256-9749-C1BCFD60072B} = {06DA0814-6E53-406F-B417-2D43574C0806}
		{98E9940D-7392-44E7-9D28-3D8E6B239E9B} = {06DA0814-6E53-406F-B417-2D43574C0806}
		{77A7B532-2E82-460E-834B-BD1372EB5AC7} = {E7430CE8-0CEC-4339-825B-687A6E06D7DA}
		{5D40F43D-2A06-4D42-B213-51314397BB4A} = {E7430CE8-0CEC-4339-825B-687A6E06D7DA}
		{F9107C1C-06D3-469F-9D5C-0C1CBD02CE30} = {E7430CE8-0CEC-4339-825B-687A6E06D7DA}
		{34B522D1-830D-4851-8119-30989337E30A} = {E7430CE8-0CEC-4339-825B-687A6E06D7DA}
		{604CA53C-6F0E-41F8-8433-1B06C7A60F90} = {E7430CE8-0CEC-4339-825B-687A6E06D7DA}
		{EC82D994-7BBB-4401-B935-EF1B27FB78A3} = {E7430CE8-0CEC-4339-825B-687A6E06D7DA}
		{567C12E8-F47C-401A-B249-FDFCC9FDCE71} = {114CF5AA-6864-425C-8748-A368EA02226E}
		{E57F4719-26CD-4C6E-8367-40B32ACD6C1B} = {114CF5AA-6864-425C-8748-A368EA02226E}
		{5E726874-4436-4496-9D22-880F1C6B3BE3} = {114CF5AA-6864-425C-8748-A368EA02226E}
		{5A368357-3033-4187-BB71-07812C5EB010} = {114CF5AA-6864-425C-8748-A368EA02226E}
		{E82A0D4D-20F4-4E72-A5AA-B351BFE65E05} = {114CF5AA-6864-425C-8748-A368EA02226E}
		{03D96892-11AB-4B51-B6F4-ED0D28B4D3D2} = {114CF5AA-6864-425C-8748-A368EA02226E}
		{52D909C4-9D69-4341-AB15-2C14BB346771} = {114CF5AA-6864-425C-8748-A368EA02226E}
		{5FD7A5B9-4E9B-4A35-83D7-42DB64BAF58F} = {36D591C7-65C7-A0D1-1CBC-10CDE441BDC8}
		{7FFC3B97-9E11-4738-8E49-8D8CCEFB95F8} = {36D591C7-65C7-A0D1-1CBC-10CDE441BDC8}
		{ED69AD01-D313-4799-990E-5E21B42D2F0A} = {36D591C7-65C7-A0D1-1CBC-10CDE441BDC8}
		{BEBDCD22-95E0-4432-A9BB-03A15EABCB85} = {6FE9BC5A-79DE-4213-902B-5D3876BC9454}
		{B81A2644-96A9-4621-B5A3-A29970C1AFB8} = {6FE9BC5A-79DE-4213-902B-5D3876BC9454}
		{8B1245B3-42E4-4FE5-A397-F4E4771F9640} = {218887F2-33C0-4992-A917-781A4E0BC3A8}
		{081DB761-9E98-4B8A-AEB5-26FFBD738714} = {218887F2-33C0-4992-A917-781A4E0BC3A8}
		{1DAE265A-D3AF-47F7-8D2F-E8B7743BFC09} = {A3234CE9-02B3-4860-9AC7-86E993EB3C76}
	EndGlobalSection
	GlobalSection(ExtensibilityGlobals) = postSolution
		SolutionGuid = {AABC6440-DC47-4DAC-AB93-F57DF1DABAB3}
	EndGlobalSection
EndGlobal
